// !$*UTF8*$!
{
	archiveVersion = 1;
	classes = {
	};
	objectVersion = 55;
	objects = {

/* Begin PBXBuildFile section */
		84A8210C276D759D009BA768 /* AppDelegate.swift in Sources */ = {isa = PBXBuildFile; fileRef = 84A8210B276D759D009BA768 /* AppDelegate.swift */; };
		84A8210E276D759D009BA768 /* SceneDelegate.swift in Sources */ = {isa = PBXBuildFile; fileRef = 84A8210D276D759D009BA768 /* SceneDelegate.swift */; };
		84A82110276D759D009BA768 /* TodoTableviewController.swift in Sources */ = {isa = PBXBuildFile; fileRef = 84A8210F276D759D009BA768 /* TodoTableviewController.swift */; };
		84A82113276D759D009BA768 /* Main.storyboard in Resources */ = {isa = PBXBuildFile; fileRef = 84A82111276D759D009BA768 /* Main.storyboard */; };
		84A82116276D759D009BA768 /* apptodolist.xcdatamodeld in Sources */ = {isa = PBXBuildFile; fileRef = 84A82114276D759D009BA768 /* apptodolist.xcdatamodeld */; };
		84A82118276D759E009BA768 /* Assets.xcassets in Resources */ = {isa = PBXBuildFile; fileRef = 84A82117276D759E009BA768 /* Assets.xcassets */; };
		84A8211B276D759E009BA768 /* LaunchScreen.storyboard in Resources */ = {isa = PBXBuildFile; fileRef = 84A82119276D759E009BA768 /* LaunchScreen.storyboard */; };
		84A82123276D7690009BA768 /* SingleCell.swift in Sources */ = {isa = PBXBuildFile; fileRef = 84A82122276D7690009BA768 /* SingleCell.swift */; };
		84B70564276D782000E24CD3 /* ToAddViewController.swift in Sources */ = {isa = PBXBuildFile; fileRef = 84B70563276D782000E24CD3 /* ToAddViewController.swift */; };
		84B70567276E015E00E24CD3 /* TodoList+CoreDataClass.swift in Sources */ = {isa = PBXBuildFile; fileRef = 84B70565276E015E00E24CD3 /* TodoList+CoreDataClass.swift */; };
		84B70568276E015E00E24CD3 /* TodoList+CoreDataProperties.swift in Sources */ = {isa = PBXBuildFile; fileRef = 84B70566276E015E00E24CD3 /* TodoList+CoreDataProperties.swift */; };
/* End PBXBuildFile section */

/* Begin PBXFileReference section */
		84A82108276D759D009BA768 /* apptodolist.app */ = {isa = PBXFileReference; explicitFileType = wrapper.application; includeInIndex = 0; path = apptodolist.app; sourceTree = BUILT_PRODUCTS_DIR; };
		84A8210B276D759D009BA768 /* AppDelegate.swift */ = {isa = PBXFileReference; lastKnownFileType = sourcecode.swift; path = AppDelegate.swift; sourceTree = "<group>"; };
		84A8210D276D759D009BA768 /* SceneDelegate.swift */ = {isa = PBXFileReference; lastKnownFileType = sourcecode.swift; path = SceneDelegate.swift; sourceTree = "<group>"; };
		84A8210F276D759D009BA768 /* TodoTableviewController.swift */ = {isa = PBXFileReference; lastKnownFileType = sourcecode.swift; path = TodoTableviewController.swift; sourceTree = "<group>"; };
		84A82112276D759D009BA768 /* Base */ = {isa = PBXFileReference; lastKnownFileType = file.storyboard; name = Base; path = Base.lproj/Main.storyboard; sourceTree = "<group>"; };
		84A82115276D759D009BA768 /* apptodolist.xcdatamodel */ = {isa = PBXFileReference; lastKnownFileType = wrapper.xcdatamodel; path = apptodolist.xcdatamodel; sourceTree = "<group>"; };
		84A82117276D759E009BA768 /* Assets.xcassets */ = {isa = PBXFileReference; lastKnownFileType = folder.assetcatalog; path = Assets.xcassets; sourceTree = "<group>"; };
		84A8211A276D759E009BA768 /* Base */ = {isa = PBXFileReference; lastKnownFileType = file.storyboard; name = Base; path = Base.lproj/LaunchScreen.storyboard; sourceTree = "<group>"; };
		84A8211C276D759E009BA768 /* Info.plist */ = {isa = PBXFileReference; lastKnownFileType = text.plist.xml; path = Info.plist; sourceTree = "<group>"; };
		84A82122276D7690009BA768 /* SingleCell.swift */ = {isa = PBXFileReference; lastKnownFileType = sourcecode.swift; path = SingleCell.swift; sourceTree = "<group>"; };
		84B70563276D782000E24CD3 /* ToAddViewController.swift */ = {isa = PBXFileReference; lastKnownFileType = sourcecode.swift; path = ToAddViewController.swift; sourceTree = "<group>"; };
		84B70565276E015E00E24CD3 /* TodoList+CoreDataClass.swift */ = {isa = PBXFileReference; lastKnownFileType = sourcecode.swift; path = "TodoList+CoreDataClass.swift"; sourceTree = "<group>"; };
		84B70566276E015E00E24CD3 /* TodoList+CoreDataProperties.swift */ = {isa = PBXFileReference; lastKnownFileType = sourcecode.swift; path = "TodoList+CoreDataProperties.swift"; sourceTree = "<group>"; };
/* End PBXFileReference section */

/* Begin PBXFrameworksBuildPhase section */
		84A82105276D759D009BA768 /* Frameworks */ = {
			isa = PBXFrameworksBuildPhase;
			buildActionMask = 2147483647;
			files = (
			);
			runOnlyForDeploymentPostprocessing = 0;
		};
/* End PBXFrameworksBuildPhase section */

/* Begin PBXGroup section */
		84A820FF276D759D009BA768 = {
			isa = PBXGroup;
			children = (
				84B70565276E015E00E24CD3 /* TodoList+CoreDataClass.swift */,
				84B70566276E015E00E24CD3 /* TodoList+CoreDataProperties.swift */,
				84A8210A276D759D009BA768 /* apptodolist */,
				84A82109276D759D009BA768 /* Products */,
			);
			sourceTree = "<group>";
		};
		84A82109276D759D009BA768 /* Products */ = {
			isa = PBXGroup;
			children = (
				84A82108276D759D009BA768 /* apptodolist.app */,
			);
			name = Products;
			sourceTree = "<group>";
		};
		84A8210A276D759D009BA768 /* apptodolist */ = {
			isa = PBXGroup;
			children = (
				84A8210B276D759D009BA768 /* AppDelegate.swift */,
				84A8210D276D759D009BA768 /* SceneDelegate.swift */,
				84A8210F276D759D009BA768 /* TodoTableviewController.swift */,
				84B70563276D782000E24CD3 /* ToAddViewController.swift */,
				84A82111276D759D009BA768 /* Main.storyboard */,
				84A82122276D7690009BA768 /* SingleCell.swift */,
				84A82117276D759E009BA768 /* Assets.xcassets */,
				84A82119276D759E009BA768 /* LaunchScreen.storyboard */,
				84A8211C276D759E009BA768 /* Info.plist */,
				84A82114276D759D009BA768 /* apptodolist.xcdatamodeld */,
			);
			path = apptodolist;
			sourceTree = "<group>";
		};
/* End PBXGroup section */

/* Begin PBXNativeTarget section */
		84A82107276D759D009BA768 /* apptodolist */ = {
			isa = PBXNativeTarget;
			buildConfigurationList = 84A8211F276D759E009BA768 /* Build configuration list for PBXNativeTarget "apptodolist" */;
			buildPhases = (
				84A82104276D759D009BA768 /* Sources */,
				84A82105276D759D009BA768 /* Frameworks */,
				84A82106276D759D009BA768 /* Resources */,
			);
			buildRules = (
			);
			dependencies = (
			);
			name = apptodolist;
			productName = apptodolist;
			productReference = 84A82108276D759D009BA768 /* apptodolist.app */;
			productType = "com.apple.product-type.application";
		};
/* End PBXNativeTarget section */

/* Begin PBXProject section */
		84A82100276D759D009BA768 /* Project object */ = {
			isa = PBXProject;
			attributes = {
				BuildIndependentTargetsInParallel = 1;
				LastSwiftUpdateCheck = 1310;
				LastUpgradeCheck = 1310;
				TargetAttributes = {
					84A82107276D759D009BA768 = {
						CreatedOnToolsVersion = 13.1;
					};
				};
			};
			buildConfigurationList = 84A82103276D759D009BA768 /* Build configuration list for PBXProject "apptodolist" */;
			compatibilityVersion = "Xcode 13.0";
			developmentRegion = en;
			hasScannedForEncodings = 0;
			knownRegions = (
				en,
				Base,
			);
			mainGroup = 84A820FF276D759D009BA768;
			productRefGroup = 84A82109276D759D009BA768 /* Products */;
			projectDirPath = "";
			projectRoot = "";
			targets = (
				84A82107276D759D009BA768 /* apptodolist */,
			);
		};
/* End PBXProject section */

/* Begin PBXResourcesBuildPhase section */
		84A82106276D759D009BA768 /* Resources */ = {
			isa = PBXResourcesBuildPhase;
			buildActionMask = 2147483647;
			files = (
				84A8211B276D759E009BA768 /* LaunchScreen.storyboard in Resources */,
				84A82118276D759E009BA768 /* Assets.xcassets in Resources */,
				84A82113276D759D009BA768 /* Main.storyboard in Resources */,
			);
			runOnlyForDeploymentPostprocessing = 0;
		};
/* End PBXResourcesBuildPhase section */

/* Begin PBXSourcesBuildPhase section */
		84A82104276D759D009BA768 /* Sources */ = {
			isa = PBXSourcesBuildPhase;
			buildActionMask = 2147483647;
			files = (
				84B70564276D782000E24CD3 /* ToAddViewController.swift in Sources */,
				84B70567276E015E00E24CD3 /* TodoList+CoreDataClass.swift in Sources */,
				84A82110276D759D009BA768 /* TodoTableviewController.swift in Sources */,
				84B70568276E015E00E24CD3 /* TodoList+CoreDataProperties.swift in Sources */,
				84A82123276D7690009BA768 /* SingleCell.swift in Sources */,
				84A8210C276D759D009BA768 /* AppDelegate.swift in Sources */,
				84A8210E276D759D009BA768 /* SceneDelegate.swift in Sources */,
				84A82116276D759D009BA768 /* apptodolist.xcdatamodeld in Sources */,
			);
			runOnlyForDeploymentPostprocessing = 0;
		};
/* End PBXSourcesBuildPhase section */

/* Begin PBXVariantGroup section */
		84A82111276D759D009BA768 /* Main.storyboard */ = {
			isa = PBXVariantGroup;
			children = (
				84A82112276D759D009BA768 /* Base */,
			);
			name = Main.storyboard;
			sourceTree = "<group>";
		};
		84A82119276D759E009BA768 /* LaunchScreen.storyboard */ = {
			isa = PBXVariantGroup;
			children = (
				84A8211A276D759E009BA768 /* Base */,
			);
			name = LaunchScreen.storyboard;
			sourceTree = "<group>";
		};
/* End PBXVariantGroup section */

/* Begin XCBuildConfiguration section */
		84A8211D276D759E009BA768 /* Debug */ = {
			isa = XCBuildConfiguration;
			buildSettings = {
				ALWAYS_SEARCH_USER_PATHS = NO;
				CLANG_ANALYZER_NONNULL = YES;
				CLANG_ANALYZER_NUMBER_OBJECT_CONVERSION = YES_AGGRESSIVE;
				CLANG_CXX_LANGUAGE_STANDARD = "gnu++17";
				CLANG_CXX_LIBRARY = "libc++";
				CLANG_ENABLE_MODULES = YES;
				CLANG_ENABLE_OBJC_ARC = YES;
				CLANG_ENABLE_OBJC_WEAK = YES;
				CLANG_WARN_BLOCK_CAPTURE_AUTORELEASING = YES;
				CLANG_WARN_BOOL_CONVERSION = YES;
				CLANG_WARN_COMMA = YES;
				CLANG_WARN_CONSTANT_CONVERSION = YES;
				CLANG_WARN_DEPRECATED_OBJC_IMPLEMENTATIONS = YES;
				CLANG_WARN_DIRECT_OBJC_ISA_USAGE = YES_ERROR;
				CLANG_WARN_DOCUMENTATION_COMMENTS = YES;
				CLANG_WARN_EMPTY_BODY = YES;
				CLANG_WARN_ENUM_CONVERSION = YES;
				CLANG_WARN_INFINITE_RECURSION = YES;
				CLANG_WARN_INT_CONVERSION = YES;
				CLANG_WARN_NON_LITERAL_NULL_CONVERSION = YES;
				CLANG_WARN_OBJC_IMPLICIT_RETAIN_SELF = YES;
				CLANG_WARN_OBJC_LITERAL_CONVERSION = YES;
				CLANG_WARN_OBJC_ROOT_CLASS = YES_ERROR;
				CLANG_WARN_QUOTED_INCLUDE_IN_FRAMEWORK_HEADER = YES;
				CLANG_WARN_RANGE_LOOP_ANALYSIS = YES;
				CLANG_WARN_STRICT_PROTOTYPES = YES;
				CLANG_WARN_SUSPICIOUS_MOVE = YES;
				CLANG_WARN_UNGUARDED_AVAILABILITY = YES_AGGRESSIVE;
				CLANG_WARN_UNREACHABLE_CODE = YES;
				CLANG_WARN__DUPLICATE_METHOD_MATCH = YES;
				COPY_PHASE_STRIP = NO;
				DEBUG_INFORMATION_FORMAT = dwarf;
				ENABLE_STRICT_OBJC_MSGSEND = YES;
				ENABLE_TESTABILITY = YES;
				GCC_C_LANGUAGE_STANDARD = gnu11;
				GCC_DYNAMIC_NO_PIC = NO;
				GCC_NO_COMMON_BLOCKS = YES;
				GCC_OPTIMIZATION_LEVEL = 0;
				GCC_PREPROCESSOR_DEFINITIONS = (
					"DEBUG=1",
					"$(inherited)",
				);
				GCC_WARN_64_TO_32_BIT_CONVERSION = YES;
				GCC_WARN_ABOUT_RETURN_TYPE = YES_ERROR;
				GCC_WARN_UNDECLARED_SELECTOR = YES;
				GCC_WARN_UNINITIALIZED_AUTOS = YES_AGGRESSIVE;
				GCC_WARN_UNUSED_FUNCTION = YES;
				GCC_WARN_UNUSED_VARIABLE = YES;
				IPHONEOS_DEPLOYMENT_TARGET = 15.0;
				MTL_ENABLE_DEBUG_INFO = INCLUDE_SOURCE;
				MTL_FAST_MATH = YES;
				ONLY_ACTIVE_ARCH = YES;
				SDKROOT = iphoneos;
				SWIFT_ACTIVE_COMPILATION_CONDITIONS = DEBUG;
				SWIFT_OPTIMIZATION_LEVEL = "-Onone";
			};
			name = Debug;
		};
		84A8211E276D759E009BA768 /* Release */ = {
			isa = XCBuildConfiguration;
			buildSettings = {
				ALWAYS_SEARCH_USER_PATHS = NO;
				CLANG_ANALYZER_NONNULL = YES;
				CLANG_ANALYZER_NUMBER_OBJECT_CONVERSION = YES_AGGRESSIVE;
				CLANG_CXX_LANGUAGE_STANDARD = "gnu++17";
				CLANG_CXX_LIBRARY = "libc++";
				CLANG_ENABLE_MODULES = YES;
				CLANG_ENABLE_OBJC_ARC = YES;
				CLANG_ENABLE_OBJC_WEAK = YES;
				CLANG_WARN_BLOCK_CAPTURE_AUTORELEASING = YES;
				CLANG_WARN_BOOL_CONVERSION = YES;
				CLANG_WARN_COMMA = YES;
				CLANG_WARN_CONSTANT_CONVERSION = YES;
				CLANG_WARN_DEPRECATED_OBJC_IMPLEMENTATIONS = YES;
				CLANG_WARN_DIRECT_OBJC_ISA_USAGE = YES_ERROR;
				CLANG_WARN_DOCUMENTATION_COMMENTS = YES;
				CLANG_WARN_EMPTY_BODY = YES;
				CLANG_WARN_ENUM_CONVERSION = YES;
				CLANG_WARN_INFINITE_RECURSION = YES;
				CLANG_WARN_INT_CONVERSION = YES;
				CLANG_WARN_NON_LITERAL_NULL_CONVERSION = YES;
				CLANG_WARN_OBJC_IMPLICIT_RETAIN_SELF = YES;
				CLANG_WARN_OBJC_LITERAL_CONVERSION = YES;
				CLANG_WARN_OBJC_ROOT_CLASS = YES_ERROR;
				CLANG_WARN_QUOTED_INCLUDE_IN_FRAMEWORK_HEADER = YES;
				CLANG_WARN_RANGE_LOOP_ANALYSIS = YES;
				CLANG_WARN_STRICT_PROTOTYPES = YES;
				CLANG_WARN_SUSPICIOUS_MOVE = YES;
				CLANG_WARN_UNGUARDED_AVAILABILITY = YES_AGGRESSIVE;
				CLANG_WARN_UNREACHABLE_CODE = YES;
				CLANG_WARN__DUPLICATE_METHOD_MATCH = YES;
				COPY_PHASE_STRIP = NO;
				DEBUG_INFORMATION_FORMAT = "dwarf-with-dsym";
				ENABLE_NS_ASSERTIONS = NO;
				ENABLE_STRICT_OBJC_MSGSEND = YES;
				GCC_C_LANGUAGE_STANDARD = gnu11;
				GCC_NO_COMMON_BLOCKS = YES;
				GCC_WARN_64_TO_32_BIT_CONVERSION = YES;
				GCC_WARN_ABOUT_RETURN_TYPE = YES_ERROR;
				GCC_WARN_UNDECLARED_SELECTOR = YES;
				GCC_WARN_UNINITIALIZED_AUTOS = YES_AGGRESSIVE;
				GCC_WARN_UNUSED_FUNCTION = YES;
				GCC_WARN_UNUSED_VARIABLE = YES;
				IPHONEOS_DEPLOYMENT_TARGET = 15.0;
				MTL_ENABLE_DEBUG_INFO = NO;
				MTL_FAST_MATH = YES;
				SDKROOT = iphoneos;
				SWIFT_COMPILATION_MODE = wholemodule;
				SWIFT_OPTIMIZATION_LEVEL = "-O";
				VALIDATE_PRODUCT = YES;
			};
			name = Release;
		};
		84A82120276D759E009BA768 /* Debug */ = {
			isa = XCBuildConfiguration;
			buildSettings = {
				ASSETCATALOG_COMPILER_APPICON_NAME = AppIcon;
				ASSETCATALOG_COMPILER_GLOBAL_ACCENT_COLOR_NAME = AccentColor;
				CODE_SIGN_STYLE = Automatic;
				CURRENT_PROJECT_VERSION = 1;
				GENERATE_INFOPLIST_FILE = YES;
				INFOPLIST_FILE = apptodolist/Info.plist;
				INFOPLIST_KEY_UIApplicationSupportsIndirectInputEvents = YES;
				INFOPLIST_KEY_UILaunchStoryboardName = LaunchScreen;
				INFOPLIST_KEY_UIMainStoryboardFile = Main;
				INFOPLIST_KEY_UISupportedInterfaceOrientations_iPad = "UIInterfaceOrientationPortrait UIInterfaceOrientationPortraitUpsideDown UIInterfaceOrientationLandscapeLeft UIInterfaceOrientationLandscapeRight";
				INFOPLIST_KEY_UISupportedInterfaceOrientations_iPhone = "UIInterfaceOrientationPortrait UIInterfaceOrientationLandscapeLeft UIInterfaceOrientationLandscapeRight";
				LD_RUNPATH_SEARCH_PATHS = (
					"$(inherited)",
					"@executable_path/Frameworks",
				);
				MARKETING_VERSION = 1.0;
				PRODUCT_BUNDLE_IDENTIFIER = com.example.apptodolist;
				PRODUCT_NAME = "$(TARGET_NAME)";
				SWIFT_EMIT_LOC_STRINGS = YES;
				SWIFT_VERSION = 5.0;
				TARGETED_DEVICE_FAMILY = "1,2";
			};
			name = Debug;
		};
		84A82121276D759E009BA768 /* Release */ = {
			isa = XCBuildConfiguration;
			buildSettings = {
				ASSETCATALOG_COMPILER_APPICON_NAME = AppIcon;
				ASSETCATALOG_COMPILER_GLOBAL_ACCENT_COLOR_NAME = AccentColor;
				CODE_SIGN_STYLE = Automatic;
				CURRENT_PROJECT_VERSION = 1;
				GENERATE_INFOPLIST_FILE = YES;
				INFOPLIST_FILE = apptodolist/Info.plist;
				INFOPLIST_KEY_UIApplicationSupportsIndirectInputEvents = YES;
				INFOPLIST_KEY_UILaunchStoryboardName = LaunchScreen;
				INFOPLIST_KEY_UIMainStoryboardFile = Main;
				INFOPLIST_KEY_UISupportedInterfaceOrientations_iPad = "UIInterfaceOrientationPortrait UIInterfaceOrientationPortraitUpsideDown UIInterfaceOrientationLandscapeLeft UIInterfaceOrientationLandscapeRight";
				INFOPLIST_KEY_UISupportedInterfaceOrientations_iPhone = "UIInterfaceOrientationPortrait UIInterfaceOrientationLandscapeLeft UIInterfaceOrientationLandscapeRight";
				LD_RUNPATH_SEARCH_PATHS = (
					"$(inherited)",
					"@executable_path/Frameworks",
				);
				MARKETING_VERSION = 1.0;
				PRODUCT_BUNDLE_IDENTIFIER = com.example.apptodolist;
				PRODUCT_NAME = "$(TARGET_NAME)";
				SWIFT_EMIT_LOC_STRINGS = YES;
				SWIFT_VERSION = 5.0;
				TARGETED_DEVICE_FAMILY = "1,2";
			};
			name = Release;
		};
/* End XCBuildConfiguration section */

/* Begin XCConfigurationList section */
		84A82103276D759D009BA768 /* Build configuration list for PBXProject "apptodolist" */ = {
			isa = XCConfigurationList;
			buildConfigurations = (
				84A8211D276D759E009BA768 /* Debug */,
				84A8211E276D759E009BA768 /* Release */,
			);
			defaultConfigurationIsVisible = 0;
			defaultConfigurationName = Release;
		};
		84A8211F276D759E009BA768 /* Build configuration list for PBXNativeTarget "apptodolist" */ = {
			isa = XCConfigurationList;
			buildConfigurations = (
				84A82120276D759E009BA768 /* Debug */,
				84A82121276D759E009BA768 /* Release */,
			);
			defaultConfigurationIsVisible = 0;
			defaultConfigurationName = Release;
		};
/* End XCConfigurationList section */

/* Begin XCVersionGroup section */
		84A82114276D759D009BA768 /* apptodolist.xcdatamodeld */ = {
			isa = XCVersionGroup;
			children = (
				84A82115276D759D009BA768 /* apptodolist.xcdatamodel */,
			);
			currentVersion = 84A82115276D759D009BA768 /* apptodolist.xcdatamodel */;
			path = apptodolist.xcdatamodeld;
			sourceTree = "<group>";
			versionGroupType = wrapper.xcdatamodel;
		};
/* End XCVersionGroup section */
	};
	rootObject = 84A82100276D759D009BA768 /* Project object */;
}
